// !$*UTF8*$!
{
	archiveVersion = 1;
	classes = {
	};
	objectVersion = 77;
	objects = {

/* Begin PBXContainerItemProxy section */
		8C8D6FE52F475D6800CC9795 /* PBXContainerItemProxy */ = {
			isa = PBXContainerItemProxy;
			containerPortal = 8C8D6FCF2F475D6600CC9795 /* Project object */;
			proxyType = 1;
			remoteGlobalIDString = 8C8D6FD62F475D6600CC9795;
			remoteInfo = CameraAccess;
		};
		8C8D6FEF2F475D6800CC9795 /* PBXContainerItemProxy */ = {
			isa = PBXContainerItemProxy;
			containerPortal = 8C8D6FCF2F475D6600CC9795 /* Project object */;
			proxyType = 1;
			remoteGlobalIDString = 8C8D6FD62F475D6600CC9795;
			remoteInfo = CameraAccess;
		};
/* End PBXContainerItemProxy section */

/* Begin PBXFileReference section */
		8C8D6FD72F475D6600CC9795 /* CameraAccess.app */ = {isa = PBXFileReference; explicitFileType = wrapper.application; includeInIndex = 0; path = CameraAccess.app; sourceTree = BUILT_PRODUCTS_DIR; };
		8C8D6FE42F475D6800CC9795 /* CameraAccessTests.xctest */ = {isa = PBXFileReference; explicitFileType = wrapper.cfbundle; includeInIndex = 0; path = CameraAccessTests.xctest; sourceTree = BUILT_PRODUCTS_DIR; };
		8C8D6FEE2F475D6800CC9795 /* CameraAccessUITests.xctest */ = {isa = PBXFileReference; explicitFileType = wrapper.cfbundle; includeInIndex = 0; path = CameraAccessUITests.xctest; sourceTree = BUILT_PRODUCTS_DIR; };
/* End PBXFileReference section */

/* Begin PBXFileSystemSynchronizedRootGroup section */
		8C8D6FD92F475D6600CC9795 /* CameraAccess */ = {
			isa = PBXFileSystemSynchronizedRootGroup;
			path = CameraAccess;
			sourceTree = "<group>";
		};
		8C8D6FE72F475D6800CC9795 /* CameraAccessTests */ = {
			isa = PBXFileSystemSynchronizedRootGroup;
			path = CameraAccessTests;
			sourceTree = "<group>";
		};
		8C8D6FF12F475D6800CC9795 /* CameraAccessUITests */ = {
			isa = PBXFileSystemSynchronizedRootGroup;
			path = CameraAccessUITests;
			sourceTree = "<group>";
		};
/* End PBXFileSystemSynchronizedRootGroup section */

/* Begin PBXFrameworksBuildPhase section */
		8C8D6FD42F475D6600CC9795 /* Frameworks */ = {
			isa = PBXFrameworksBuildPhase;
			buildActionMask = 2147483647;
			files = (
			);
			runOnlyForDeploymentPostprocessing = 0;
		};
		8C8D6FE12F475D6800CC9795 /* Frameworks */ = {
			isa = PBXFrameworksBuildPhase;
			buildActionMask = 2147483647;
			files = (
			);
			runOnlyForDeploymentPostprocessing = 0;
		};
		8C8D6FEB2F475D6800CC9795 /* Frameworks */ = {
			isa = PBXFrameworksBuildPhase;
			buildActionMask = 2147483647;
			files = (
			);
			runOnlyForDeploymentPostprocessing = 0;
		};
/* End PBXFrameworksBuildPhase section */

/* Begin PBXGroup section */
		8C8D6FCE2F475D6600CC9795 = {
			isa = PBXGroup;
			children = (
				8C8D6FD92F475D6600CC9795 /* CameraAccess */,
				8C8D6FE72F475D6800CC9795 /* CameraAccessTests */,
				8C8D6FF12F475D6800CC9795 /* CameraAccessUITests */,
				8C8D6FD82F475D6600CC9795 /* Products */,
			);
			sourceTree = "<group>";
		};
		8C8D6FD82F475D6600CC9795 /* Products */ = {
			isa = PBXGroup;
			children = (
				8C8D6FD72F475D6600CC9795 /* CameraAccess.app */,
				8C8D6FE42F475D6800CC9795 /* CameraAccessTests.xctest */,
				8C8D6FEE2F475D6800CC9795 /* CameraAccessUITests.xctest */,
			);
			name = Products;
			sourceTree = "<group>";
		};
/* End PBXGroup section */

/* Begin PBXNativeTarget section */
		8C8D6FD62F475D6600CC9795 /* CameraAccess */ = {
			isa = PBXNativeTarget;
			buildConfigurationList = 8C8D6FF82F475D6800CC9795 /* Build configuration list for PBXNativeTarget "CameraAccess" */;
			buildPhases = (
				8C8D6FD32F475D6600CC9795 /* Sources */,
				8C8D6FD42F475D6600CC9795 /* Frameworks */,
				8C8D6FD52F475D6600CC9795 /* Resources */,
			);
			buildRules = (
			);
			dependencies = (
			);
			fileSystemSynchronizedGroups = (
				8C8D6FD92F475D6600CC9795 /* CameraAccess */,
			);
			name = CameraAccess;
			packageProductDependencies = (
			);
			productName = CameraAccess;
			productReference = 8C8D6FD72F475D6600CC9795 /* CameraAccess.app */;
			productType = "com.apple.product-type.application";
		};
		8C8D6FE32F475D6800CC9795 /* CameraAccessTests */ = {
			isa = PBXNativeTarget;
			buildConfigurationList = 8C8D6FFB2F475D6800CC9795 /* Build configuration list for PBXNativeTarget "CameraAccessTests" */;
			buildPhases = (
				8C8D6FE02F475D6800CC9795 /* Sources */,
				8C8D6FE12F475D6800CC9795 /* Frameworks */,
				8C8D6FE22F475D6800CC9795 /* Resources */,
			);
			buildRules = (
			);
			dependencies = (
				8C8D6FE62F475D6800CC9795 /* PBXTargetDependency */,
			);
			fileSystemSynchronizedGroups = (
				8C8D6FE72F475D6800CC9795 /* CameraAccessTests */,
			);
			name = CameraAccessTests;
			packageProductDependencies = (
			);
			productName = CameraAccessTests;
			productReference = 8C8D6FE42F475D6800CC9795 /* CameraAccessTests.xctest */;
			productType = "com.apple.product-type.bundle.unit-test";
		};
		8C8D6FED2F475D6800CC9795 /* CameraAccessUITests */ = {
			isa = PBXNativeTarget;
			buildConfigurationList = 8C8D6FFE2F475D6800CC9795 /* Build configuration list for PBXNativeTarget "CameraAccessUITests" */;
			buildPhases = (
				8C8D6FEA2F475D6800CC9795 /* Sources */,
				8C8D6FEB2F475D6800CC9795 /* Frameworks */,
				8C8D6FEC2F475D6800CC9795 /* Resources */,
			);
			buildRules = (
			);
			dependencies = (
				8C8D6FF02F475D6800CC9795 /* PBXTargetDependency */,
			);
			fileSystemSynchronizedGroups = (
				8C8D6FF12F475D6800CC9795 /* CameraAccessUITests */,
			);
			name = CameraAccessUITests;
			packageProductDependencies = (
			);
			productName = CameraAccessUITests;
			productReference = 8C8D6FEE2F475D6800CC9795 /* CameraAccessUITests.xctest */;
			productType = "com.apple.product-type.bundle.ui-testing";
		};
/* End PBXNativeTarget section */

/* Begin PBXProject section */
		8C8D6FCF2F475D6600CC9795 /* Project object */ = {
			isa = PBXProject;
			attributes = {
				BuildIndependentTargetsInParallel = 1;
				LastSwiftUpdateCheck = 1640;
				LastUpgradeCheck = 1640;
				TargetAttributes = {
					8C8D6FD62F475D6600CC9795 = {
						CreatedOnToolsVersion = 16.4;
					};
					8C8D6FE32F475D6800CC9795 = {
						CreatedOnToolsVersion = 16.4;
						TestTargetID = 8C8D6FD62F475D6600CC9795;
					};
					8C8D6FED2F475D6800CC9795 = {
						CreatedOnToolsVersion = 16.4;
						TestTargetID = 8C8D6FD62F475D6600CC9795;
					};
				};
			};
			buildConfigurationList = 8C8D6FD22F475D6600CC9795 /* Build configuration list for PBXProject "CameraAccess" */;
			developmentRegion = en;
			hasScannedForEncodings = 0;
			knownRegions = (
				en,
				Base,
			);
			mainGroup = 8C8D6FCE2F475D6600CC9795;
			minimizedProjectReferenceProxies = 1;
			preferredProjectObjectVersion = 77;
			productRefGroup = 8C8D6FD82F475D6600CC9795 /* Products */;
			projectDirPath = "";
			projectRoot = "";
			targets = (
				8C8D6FD62F475D6600CC9795 /* CameraAccess */,
				8C8D6FE32F475D6800CC9795 /* CameraAccessTests */,
				8C8D6FED2F475D6800CC9795 /* CameraAccessUITests */,
			);
		};
/* End PBXProject section */

/* Begin PBXResourcesBuildPhase section */
		8C8D6FD52F475D6600CC9795 /* Resources */ = {
			isa = PBXResourcesBuildPhase;
			buildActionMask = 2147483647;
			files = (
			);
			runOnlyForDeploymentPostprocessing = 0;
		};
		8C8D6FE22F475D6800CC9795 /* Resources */ = {
			isa = PBXResourcesBuildPhase;
			buildActionMask = 2147483647;
			files = (
			);
			runOnlyForDeploymentPostprocessing = 0;
		};
		8C8D6FEC2F475D6800CC9795 /* Resources */ = {
			isa = PBXResourcesBuildPhase;
			buildActionMask = 2147483647;
			files = (
			);
			runOnlyForDeploymentPostprocessing = 0;
		};
/* End PBXResourcesBuildPhase section */

/* Begin PBXSourcesBuildPhase section */
		8C8D6FD32F475D6600CC9795 /* Sources */ = {
			isa = PBXSourcesBuildPhase;
			buildActionMask = 2147483647;
			files = (
			);
			runOnlyForDeploymentPostprocessing = 0;
		};
		8C8D6FE02F475D6800CC9795 /* Sources */ = {
			isa = PBXSourcesBuildPhase;
			buildActionMask = 2147483647;
			files = (
			);
			runOnlyForDeploymentPostprocessing = 0;
		};
		8C8D6FEA2F475D6800CC9795 /* Sources */ = {
			isa = PBXSourcesBuildPhase;
			buildActionMask = 2147483647;
			files = (
			);
			runOnlyForDeploymentPostprocessing = 0;
		};
/* End PBXSourcesBuildPhase section */

/* Begin PBXTargetDependency section */
		8C8D6FE62F475D6800CC9795 /* PBXTargetDependency */ = {
			isa = PBXTargetDependency;
			target = 8C8D6FD62F475D6600CC9795 /* CameraAccess */;
			targetProxy = 8C8D6FE52F475D6800CC9795 /* PBXContainerItemProxy */;
		};
		8C8D6FF02F475D6800CC9795 /* PBXTargetDependency */ = {
			isa = PBXTargetDependency;
			target = 8C8D6FD62F475D6600CC9795 /* CameraAccess */;
			targetProxy = 8C8D6FEF2F475D6800CC9795 /* PBXContainerItemProxy */;
		};
/* End PBXTargetDependency section */

/* Begin XCBuildConfiguration section */
		8C8D6FF62F475D6800CC9795 /* Debug */ = {
			isa = XCBuildConfiguration;
			buildSettings = {
				ALWAYS_SEARCH_USER_PATHS = NO;
				ASSETCATALOG_COMPILER_GENERATE_SWIFT_ASSET_SYMBOL_EXTENSIONS = YES;
				CLANG_ANALYZER_NONNULL = YES;
				CLANG_ANALYZER_NUMBER_OBJECT_CONVERSION = YES_AGGRESSIVE;
				CLANG_CXX_LANGUAGE_STANDARD = "gnu++20";
				CLANG_ENABLE_MODULES = YES;
				CLANG_ENABLE_OBJC_ARC = YES;
				CLANG_ENABLE_OBJC_WEAK = YES;
				CLANG_WARN_BLOCK_CAPTURE_AUTORELEASING = YES;
				CLANG_WARN_BOOL_CONVERSION = YES;
				CLANG_WARN_COMMA = YES;
				CLANG_WARN_CONSTANT_CONVERSION = YES;
				CLANG_WARN_DEPRECATED_OBJC_IMPLEMENTATIONS = YES;
				CLANG_WARN_DIRECT_OBJC_ISA_USAGE = YES_ERROR;
				CLANG_WARN_DOCUMENTATION_COMMENTS = YES;
				CLANG_WARN_EMPTY_BODY = YES;
				CLANG_WARN_ENUM_CONVERSION = YES;
				CLANG_WARN_INFINITE_RECURSION = YES;
				CLANG_WARN_INT_CONVERSION = YES;
				CLANG_WARN_NON_LITERAL_NULL_CONVERSION = YES;
				CLANG_WARN_OBJC_IMPLICIT_RETAIN_SELF = YES;
				CLANG_WARN_OBJC_LITERAL_CONVERSION = YES;
				CLANG_WARN_OBJC_ROOT_CLASS = YES_ERROR;
				CLANG_WARN_QUOTED_INCLUDE_IN_FRAMEWORK_HEADER = YES;
				CLANG_WARN_RANGE_LOOP_ANALYSIS = YES;
				CLANG_WARN_STRICT_PROTOTYPES = YES;
				CLANG_WARN_SUSPICIOUS_MOVE = YES;
				CLANG_WARN_UNGUARDED_AVAILABILITY = YES_AGGRESSIVE;
				CLANG_WARN_UNREACHABLE_CODE = YES;
				CLANG_WARN__DUPLICATE_METHOD_MATCH = YES;
				COPY_PHASE_STRIP = NO;
				DEBUG_INFORMATION_FORMAT = dwarf;
				DEVELOPMENT_TEAM = 52UAXRX829;
				ENABLE_STRICT_OBJC_MSGSEND = YES;
				ENABLE_TESTABILITY = YES;
				ENABLE_USER_SCRIPT_SANDBOXING = YES;
				GCC_C_LANGUAGE_STANDARD = gnu17;
				GCC_DYNAMIC_NO_PIC = NO;
				GCC_NO_COMMON_BLOCKS = YES;
				GCC_OPTIMIZATION_LEVEL = 0;
				GCC_PREPROCESSOR_DEFINITIONS = (
					"DEBUG=1",
					"$(inherited)",
				);
				GCC_WARN_64_TO_32_BIT_CONVERSION = YES;
				GCC_WARN_ABOUT_RETURN_TYPE = YES_ERROR;
				GCC_WARN_UNDECLARED_SELECTOR = YES;
				GCC_WARN_UNINITIALIZED_AUTOS = YES_AGGRESSIVE;
				GCC_WARN_UNUSED_FUNCTION = YES;
				GCC_WARN_UNUSED_VARIABLE = YES;
				IPHONEOS_DEPLOYMENT_TARGET = 18.5;
				LOCALIZATION_PREFERS_STRING_CATALOGS = YES;
				MTL_ENABLE_DEBUG_INFO = INCLUDE_SOURCE;
				MTL_FAST_MATH = YES;
				ONLY_ACTIVE_ARCH = YES;
				SDKROOT = iphoneos;
				SWIFT_ACTIVE_COMPILATION_CONDITIONS = "DEBUG $(inherited)";
				SWIFT_OPTIMIZATION_LEVEL = "-Onone";
			};
			name = Debug;
		};
		8C8D6FF72F475D6800CC9795 /* Release */ = {
			isa = XCBuildConfiguration;
			buildSettings = {
				ALWAYS_SEARCH_USER_PATHS = NO;
				ASSETCATALOG_COMPILER_GENERATE_SWIFT_ASSET_SYMBOL_EXTENSIONS = YES;
				CLANG_ANALYZER_NONNULL = YES;
				CLANG_ANALYZER_NUMBER_OBJECT_CONVERSION = YES_AGGRESSIVE;
				CLANG_CXX_LANGUAGE_STANDARD = "gnu++20";
				CLANG_ENABLE_MODULES = YES;
				CLANG_ENABLE_OBJC_ARC = YES;
				CLANG_ENABLE_OBJC_WEAK = YES;
				CLANG_WARN_BLOCK_CAPTURE_AUTORELEASING = YES;
				CLANG_WARN_BOOL_CONVERSION = YES;
				CLANG_WARN_COMMA = YES;
				CLANG_WARN_CONSTANT_CONVERSION = YES;
				CLANG_WARN_DEPRECATED_OBJC_IMPLEMENTATIONS = YES;
				CLANG_WARN_DIRECT_OBJC_ISA_USAGE = YES_ERROR;
				CLANG_WARN_DOCUMENTATION_COMMENTS = YES;
				CLANG_WARN_EMPTY_BODY = YES;
				CLANG_WARN_ENUM_CONVERSION = YES;
				CLANG_WARN_INFINITE_RECURSION = YES;
				CLANG_WARN_INT_CONVERSION = YES;
				CLANG_WARN_NON_LITERAL_NULL_CONVERSION = YES;
				CLANG_WARN_OBJC_IMPLICIT_RETAIN_SELF = YES;
				CLANG_WARN_OBJC_LITERAL_CONVERSION = YES;
				CLANG_WARN_OBJC_ROOT_CLASS = YES_ERROR;
				CLANG_WARN_QUOTED_INCLUDE_IN_FRAMEWORK_HEADER = YES;
				CLANG_WARN_RANGE_LOOP_ANALYSIS = YES;
				CLANG_WARN_STRICT_PROTOTYPES = YES;
				CLANG_WARN_SUSPICIOUS_MOVE = YES;
				CLANG_WARN_UNGUARDED_AVAILABILITY = YES_AGGRESSIVE;
				CLANG_WARN_UNREACHABLE_CODE = YES;
				CLANG_WARN__DUPLICATE_METHOD_MATCH = YES;
				COPY_PHASE_STRIP = NO;
				DEBUG_INFORMATION_FORMAT = "dwarf-with-dsym";
				DEVELOPMENT_TEAM = 52UAXRX829;
				ENABLE_NS_ASSERTIONS = NO;
				ENABLE_STRICT_OBJC_MSGSEND = YES;
				ENABLE_USER_SCRIPT_SANDBOXING = YES;
				GCC_C_LANGUAGE_STANDARD = gnu17;
				GCC_NO_COMMON_BLOCKS = YES;
				GCC_WARN_64_TO_32_BIT_CONVERSION = YES;
				GCC_WARN_ABOUT_RETURN_TYPE = YES_ERROR;
				GCC_WARN_UNDECLARED_SELECTOR = YES;
				GCC_WARN_UNINITIALIZED_AUTOS = YES_AGGRESSIVE;
				GCC_WARN_UNUSED_FUNCTION = YES;
				GCC_WARN_UNUSED_VARIABLE = YES;
				IPHONEOS_DEPLOYMENT_TARGET = 18.5;
				LOCALIZATION_PREFERS_STRING_CATALOGS = YES;
				MTL_ENABLE_DEBUG_INFO = NO;
				MTL_FAST_MATH = YES;
				SDKROOT = iphoneos;
				SWIFT_COMPILATION_MODE = wholemodule;
				VALIDATE_PRODUCT = YES;
			};
			name = Release;
		};
		8C8D6FF92F475D6800CC9795 /* Debug */ = {
			isa = XCBuildConfiguration;
			buildSettings = {
				ASSETCATALOG_COMPILER_APPICON_NAME = AppIcon;
				ASSETCATALOG_COMPILER_GLOBAL_ACCENT_COLOR_NAME = AccentColor;
				CODE_SIGN_STYLE = Automatic;
				CURRENT_PROJECT_VERSION = 1;
				DEVELOPMENT_TEAM = 52UAXRX829;
				ENABLE_PREVIEWS = YES;
				GENERATE_INFOPLIST_FILE = YES;
				INFOPLIST_KEY_CFBundleDisplayName = CameraAccess;
				INFOPLIST_KEY_NSCameraUsageDescription = "CameraAccess needs access to your camera to take photos.";
				INFOPLIST_KEY_NSPhotoLibraryAddUsageDescription = "CameraAccess needs access to save photos to your library.";
				INFOPLIST_KEY_UIApplicationSceneManifest_Generation = YES;
				INFOPLIST_KEY_UIApplicationSupportsIndirectInputEvents = YES;
				INFOPLIST_KEY_UILaunchScreen_Generation = YES;
				INFOPLIST_KEY_UISupportedInterfaceOrientations_iPad = "UIInterfaceOrientationPortrait UIInterfaceOrientationPortraitUpsideDown UIInterfaceOrientationLandscapeLeft UIInterfaceOrientationLandscapeRight";
				INFOPLIST_KEY_UISupportedInterfaceOrientations_iPhone = "UIInterfaceOrientationPortrait UIInterfaceOrientationLandscapeLeft UIInterfaceOrientationLandscapeRight";
				LD_RUNPATH_SEARCH_PATHS = (
					"$(inherited)",
					"@executable_path/Frameworks",
				);
				MARKETING_VERSION = 1.0;
				PRODUCT_BUNDLE_IDENTIFIER = com.jamesborder.CameraAccess;
				PRODUCT_NAME = "$(TARGET_NAME)";
				SWIFT_EMIT_LOC_STRINGS = YES;
				SWIFT_VERSION = 5.0;
				TARGETED_DEVICE_FAMILY = "1,2";
			};
			name = Debug;
		};
		8C8D6FFA2F475D6800CC9795 /* Release */ = {
			isa = XCBuildConfiguration;
			buildSettings = {
				ASSETCATALOG_COMPILER_APPICON_NAME = AppIcon;
				ASSETCATALOG_COMPILER_GLOBAL_ACCENT_COLOR_NAME = AccentColor;
				CODE_SIGN_STYLE = Automatic;
				CURRENT_PROJECT_VERSION = 1;
				DEVELOPMENT_TEAM = 52UAXRX829;
				ENABLE_PREVIEWS = YES;
				GENERATE_INFOPLIST_FILE = YES;
				INFOPLIST_KEY_CFBundleDisplayName = CameraAccess;
				INFOPLIST_KEY_NSCameraUsageDescription = "CameraAccess needs access to your camera to take photos.";
				INFOPLIST_KEY_NSPhotoLibraryAddUsageDescription = "CameraAccess needs access to save photos to your library.";
				INFOPLIST_KEY_UIApplicationSceneManifest_Generation = YES;
				INFOPLIST_KEY_UIApplicationSupportsIndirectInputEvents = YES;
				INFOPLIST_KEY_UILaunchScreen_Generation = YES;
				INFOPLIST_KEY_UISupportedInterfaceOrientations_iPad = "UIInterfaceOrientationPortrait UIInterfaceOrientationPortraitUpsideDown UIInterfaceOrientationLandscapeLeft UIInterfaceOrientationLandscapeRight";
				INFOPLIST_KEY_UISupportedInterfaceOrientations_iPhone = "UIInterfaceOrientationPortrait UIInterfaceOrientationLandscapeLeft UIInterfaceOrientationLandscapeRight";
				LD_RUNPATH_SEARCH_PATHS = (
					"$(inherited)",
					"@executable_path/Frameworks",
				);
				MARKETING_VERSION = 1.0;
				PRODUCT_BUNDLE_IDENTIFIER = com.jamesborder.CameraAccess;
				PRODUCT_NAME = "$(TARGET_NAME)";
				SWIFT_EMIT_LOC_STRINGS = YES;
				SWIFT_VERSION = 5.0;
				TARGETED_DEVICE_FAMILY = "1,2";
			};
			name = Release;
		};
		8C8D6FFC2F475D6800CC9795 /* Debug */ = {
			isa = XCBuildConfiguration;
			buildSettings = {
				BUNDLE_LOADER = "$(TEST_HOST)";
				CODE_SIGN_STYLE = Automatic;
				CURRENT_PROJECT_VERSION = 1;
				DEVELOPMENT_TEAM = 52UAXRX829;
				GENERATE_INFOPLIST_FILE = YES;
				IPHONEOS_DEPLOYMENT_TARGET = 18.5;
				MARKETING_VERSION = 1.0;
				PRODUCT_BUNDLE_IDENTIFIER = com.jamesborder.CameraAccessTests;
				PRODUCT_NAME = "$(TARGET_NAME)";
				SWIFT_EMIT_LOC_STRINGS = NO;
				SWIFT_VERSION = 5.0;
				TARGETED_DEVICE_FAMILY = "1,2";
				TEST_HOST = "$(BUILT_PRODUCTS_DIR)/CameraAccess.app/$(BUNDLE_EXECUTABLE_FOLDER_PATH)/CameraAccess";
			};
			name = Debug;
		};
		8C8D6FFD2F475D6800CC9795 /* Release */ = {
			isa = XCBuildConfiguration;
			buildSettings = {
				BUNDLE_LOADER = "$(TEST_HOST)";
				CODE_SIGN_STYLE = Automatic;
				CURRENT_PROJECT_VERSION = 1;
				DEVELOPMENT_TEAM = 52UAXRX829;
				GENERATE_INFOPLIST_FILE = YES;
				IPHONEOS_DEPLOYMENT_TARGET = 18.5;
				MARKETING_VERSION = 1.0;
				PRODUCT_BUNDLE_IDENTIFIER = com.jamesborder.CameraAccessTests;
				PRODUCT_NAME = "$(TARGET_NAME)";
				SWIFT_EMIT_LOC_STRINGS = NO;
				SWIFT_VERSION = 5.0;
				TARGETED_DEVICE_FAMILY = "1,2";
				TEST_HOST = "$(BUILT_PRODUCTS_DIR)/CameraAccess.app/$(BUNDLE_EXECUTABLE_FOLDER_PATH)/CameraAccess";
			};
			name = Release;
		};
		8C8D6FFF2F475D6800CC9795 /* Debug */ = {
			isa = XCBuildConfiguration;
			buildSettings = {
				CODE_SIGN_STYLE = Automatic;
				CURRENT_PROJECT_VERSION = 1;
				DEVELOPMENT_TEAM = 52UAXRX829;
				GENERATE_INFOPLIST_FILE = YES;
				MARKETING_VERSION = 1.0;
				PRODUCT_BUNDLE_IDENTIFIER = com.jamesborder.CameraAccessUITests;
				PRODUCT_NAME = "$(TARGET_NAME)";
				SWIFT_EMIT_LOC_STRINGS = NO;
				SWIFT_VERSION = 5.0;
				TARGETED_DEVICE_FAMILY = "1,2";
				TEST_TARGET_NAME = CameraAccess;
			};
			name = Debug;
		};
		8C8D70002F475D6800CC9795 /* Release */ = {
			isa = XCBuildConfiguration;
			buildSettings = {
				CODE_SIGN_STYLE = Automatic;
				CURRENT_PROJECT_VERSION = 1;
				DEVELOPMENT_TEAM = 52UAXRX829;
				GENERATE_INFOPLIST_FILE = YES;
				MARKETING_VERSION = 1.0;
				PRODUCT_BUNDLE_IDENTIFIER = com.jamesborder.CameraAccessUITests;
				PRODUCT_NAME = "$(TARGET_NAME)";
				SWIFT_EMIT_LOC_STRINGS = NO;
				SWIFT_VERSION = 5.0;
				TARGETED_DEVICE_FAMILY = "1,2";
				TEST_TARGET_NAME = CameraAccess;
			};
			name = Release;
		};
/* End XCBuildConfiguration section */

/* Begin XCConfigurationList section */
		8C8D6FD22F475D6600CC9795 /* Build configuration list for PBXProject "CameraAccess" */ = {
			isa = XCConfigurationList;
			buildConfigurations = (
				8C8D6FF62F475D6800CC9795 /* Debug */,
				8C8D6FF72F475D6800CC9795 /* Release */,
			);
			defaultConfigurationIsVisible = 0;
			defaultConfigurationName = Release;
		};
		8C8D6FF82F475D6800CC9795 /* Build configuration list for PBXNativeTarget "CameraAccess" */ = {
			isa = XCConfigurationList;
			buildConfigurations = (
				8C8D6FF92F475D6800CC9795 /* Debug */,
				8C8D6FFA2F475D6800CC9795 /* Release */,
			);
			defaultConfigurationIsVisible = 0;
			defaultConfigurationName = Release;
		};
		8C8D6FFB2F475D6800CC9795 /* Build configuration list for PBXNativeTarget "CameraAccessTests" */ = {
			isa = XCConfigurationList;
			buildConfigurations = (
				8C8D6FFC2F475D6800CC9795 /* Debug */,
				8C8D6FFD2F475D6800CC9795 /* Release */,
			);
			defaultConfigurationIsVisible = 0;
			defaultConfigurationName = Release;
		};
		8C8D6FFE2F475D6800CC9795 /* Build configuration list for PBXNativeTarget "CameraAccessUITests" */ = {
			isa = XCConfigurationList;
			buildConfigurations = (
				8C8D6FFF2F475D6800CC9795 /* Debug */,
				8C8D70002F475D6800CC9795 /* Release */,
			);
			defaultConfigurationIsVisible = 0;
			defaultConfigurationName = Release;
		};
/* End XCConfigurationList section */
	};
	rootObject = 8C8D6FCF2F475D6600CC9795 /* Project object */;
}
